Microsoft Visual Studio Solution File, Format Version 12.00
# Visual Studio Version 17
VisualStudioVersion = 17.5.2.0
MinimumVisualStudioVersion = 10.0.40219.1
Project("{FAE04EC0-301F-11D3-BF4B-00C04F79EFBC}") = "SiteToMarkdown", "SiteToMarkdown.csproj", "{19AB2168-96B8-0758-A895-EABB99DFEA5D}"
EndProject
Global
	GlobalSection(SolutionConfigurationPlatforms) = preSolution
		Debug|Any CPU = Debug|Any CPU
		Release|Any CPU = Release|Any CPU
	EndGlobalSection
	GlobalSection(ProjectConfigurationPlatforms) = postSolution
		{19AB2168-96B8-0758-A895-EABB99DFEA5D}.Debug|Any CPU.ActiveCfg = Debug|Any CPU
		{19AB2168-96B8-0758-A895-EABB99DFEA5D}.Debug|Any CPU.Build.0 = Debug|Any CPU
		{19AB2168-96B8-0758-A895-EABB99DFEA5D}.Release|Any CPU.ActiveCfg = Release|Any CPU
		{19AB2168-96B8-0758-A895-EABB99DFEA5D}.Release|Any CPU.Build.0 = Release|Any CPU
	EndGlobalSection
	GlobalSection(SolutionProperties) = preSolution
		HideSolutionNode = FALSE
	EndGlobalSection
	GlobalSection(ExtensibilityGlobals) = postSolution
		SolutionGuid = {30339010-A206-4075-A38E-0946DA4C5686}
	EndGlobalSection
EndGlobal
